
Microsoft Visual Studio Solution File, Format Version 12.00
# Visual Studio Version 17
VisualStudioVersion = 17.11.35327.3
MinimumVisualStudioVersion = 10.0.40219.1
Project("{FAE04EC0-301F-11D3-BF4B-00C04F79EFBC}") = "OOP", "OOP.csproj", "{58F0C504-3FD6-4C45-872D-1859C63BA348}"
EndProject
Global
	GlobalSection(SolutionConfigurationPlatforms) = preSolution
		Debug|Any CPU = Debug|Any CPU
		Release|Any CPU = Release|Any CPU
	EndGlobalSection
	GlobalSection(ProjectConfigurationPlatforms) = postSolution
		{58F0C504-3FD6-4C45-872D-1859C63BA348}.Debug|Any CPU.ActiveCfg = Debug|Any CPU
		{58F0C504-3FD6-4C45-872D-1859C63BA348}.Debug|Any CPU.Build.0 = Debug|Any CPU
		{58F0C504-3FD6-4C45-872D-1859C63BA348}.Release|Any CPU.ActiveCfg = Release|Any CPU
		{58F0C504-3FD6-4C45-872D-1859C63BA348}.Release|Any CPU.Build.0 = Release|Any CPU
	EndGlobalSection
	GlobalSection(SolutionProperties) = preSolution
		HideSolutionNode = FALSE
	EndGlobalSection
	GlobalSection(ExtensibilityGlobals) = postSolution
		SolutionGuid = {C741EC78-BDFA-4B73-8DE1-ECC6D3C1DC27}
	EndGlobalSection
EndGlobal
